
Microsoft Visual Studio Solution File, Format Version 12.00
# Visual Studio Version 17
VisualStudioVersion = 17.2.32526.322
MinimumVisualStudioVersion = 10.0.40219.1
Project("{FAE04EC0-301F-11D3-BF4B-00C04F79EFBC}") = "DemoEmailApplication", "DemoEmailApplication\DemoEmailApplication.csproj", "{31BA674F-C364-44A5-A0FC-EC629C81FE9C}"
EndProject
Global
	GlobalSection(SolutionConfigurationPlatforms) = preSolution
		Debug|Any CPU = Debug|Any CPU
		Release|Any CPU = Release|Any CPU
	EndGlobalSection
	GlobalSection(ProjectConfigurationPlatforms) = postSolution
		{31BA674F-C364-44A5-A0FC-EC629C81FE9C}.Debug|Any CPU.ActiveCfg = Debug|Any CPU
		{31BA674F-C364-44A5-A0FC-EC629C81FE9C}.Debug|Any CPU.Build.0 = Debug|Any CPU
		{31BA674F-C364-44A5-A0FC-EC629C81FE9C}.Release|Any CPU.ActiveCfg = Release|Any CPU
		{31BA674F-C364-44A5-A0FC-EC629C81FE9C}.Release|Any CPU.Build.0 = Release|Any CPU
	EndGlobalSection
	GlobalSection(SolutionProperties) = preSolution
		HideSolutionNode = FALSE
	EndGlobalSection
	GlobalSection(ExtensibilityGlobals) = postSolution
		SolutionGuid = {C884B1C2-8B88-4828-8A08-6E84C5454337}
	EndGlobalSection
EndGlobal
